
Microsoft Visual Studio Solution File, Format Version 12.00
# Visual Studio Version 16
VisualStudioVersion = 16.0.810.9
MinimumVisualStudioVersion = 10.0.40219.1
Project("{FAE04EC0-301F-11D3-BF4B-00C04F79EFBC}") = "FitApp.Core", "FitApp.Core\FitApp.Core.csproj", "{B8522BFE-B39E-4E40-9AF1-1A7FA9344422}"
EndProject
Project("{FAE04EC0-301F-11D3-BF4B-00C04F79EFBC}") = "FitApp.Android", "FitApp.Android\FitApp.Android.csproj", "{E9C448CD-FDB4-466F-9385-3948E7C20FD5}"
EndProject
Project("{FAE04EC0-301F-11D3-BF4B-00C04F79EFBC}") = "FitApp.Core.Contracts", "FitApp.Core.Contracts\FitApp.Core.Contracts.csproj", "{B47DF8F7-1DD9-49FF-85ED-F347942106F7}"
EndProject
Global
	GlobalSection(SolutionConfigurationPlatforms) = preSolution
		Debug|Any CPU = Debug|Any CPU
		Release|Any CPU = Release|Any CPU
	EndGlobalSection
	GlobalSection(ProjectConfigurationPlatforms) = postSolution
		{B8522BFE-B39E-4E40-9AF1-1A7FA9344422}.Debug|Any CPU.ActiveCfg = Debug|Any CPU
		{B8522BFE-B39E-4E40-9AF1-1A7FA9344422}.Debug|Any CPU.Build.0 = Debug|Any CPU
		{B8522BFE-B39E-4E40-9AF1-1A7FA9344422}.Release|Any CPU.ActiveCfg = Release|Any CPU
		{B8522BFE-B39E-4E40-9AF1-1A7FA9344422}.Release|Any CPU.Build.0 = Release|Any CPU
		{E9C448CD-FDB4-466F-9385-3948E7C20FD5}.Debug|Any CPU.ActiveCfg = Debug|Any CPU
		{E9C448CD-FDB4-466F-9385-3948E7C20FD5}.Debug|Any CPU.Build.0 = Debug|Any CPU
		{E9C448CD-FDB4-466F-9385-3948E7C20FD5}.Release|Any CPU.ActiveCfg = Release|Any CPU
		{E9C448CD-FDB4-466F-9385-3948E7C20FD5}.Release|Any CPU.Build.0 = Release|Any CPU
		{B47DF8F7-1DD9-49FF-85ED-F347942106F7}.Debug|Any CPU.ActiveCfg = Debug|Any CPU
		{B47DF8F7-1DD9-49FF-85ED-F347942106F7}.Debug|Any CPU.Build.0 = Debug|Any CPU
		{B47DF8F7-1DD9-49FF-85ED-F347942106F7}.Release|Any CPU.ActiveCfg = Release|Any CPU
		{B47DF8F7-1DD9-49FF-85ED-F347942106F7}.Release|Any CPU.Build.0 = Release|Any CPU
	EndGlobalSection
	GlobalSection(SolutionProperties) = preSolution
		HideSolutionNode = FALSE
	EndGlobalSection
	GlobalSection(ExtensibilityGlobals) = postSolution
		SolutionGuid = {D619B45F-B63F-4412-A025-6BA13220FB85}
	EndGlobalSection
EndGlobal
